
Microsoft Visual Studio Solution File, Format Version 12.00
# Visual Studio 15
VisualStudioVersion = 15.0.27130.2024
MinimumVisualStudioVersion = 10.0.40219.1
Project("{8BC9CEB8-8B4A-11D0-8D11-00A0C91BC942}") = "Problem01", "Problem01\Problem01.vcxproj", "{DB3DF3F7-0553-40F0-AA69-1BB684C9570B}"
EndProject
Global
	GlobalSection(SolutionConfigurationPlatforms) = preSolution
		Debug|x64 = Debug|x64
		Debug|x86 = Debug|x86
		Release|x64 = Release|x64
		Release|x86 = Release|x86
	EndGlobalSection
	GlobalSection(ProjectConfigurationPlatforms) = postSolution
		{DB3DF3F7-0553-40F0-AA69-1BB684C9570B}.Debug|x64.ActiveCfg = Debug|x64
		{DB3DF3F7-0553-40F0-AA69-1BB684C9570B}.Debug|x64.Build.0 = Debug|x64
		{DB3DF3F7-0553-40F0-AA69-1BB684C9570B}.Debug|x86.ActiveCfg = Debug|Win32
		{DB3DF3F7-0553-40F0-AA69-1BB684C9570B}.Debug|x86.Build.0 = Debug|Win32
		{DB3DF3F7-0553-40F0-AA69-1BB684C9570B}.Release|x64.ActiveCfg = Release|x64
		{DB3DF3F7-0553-40F0-AA69-1BB684C9570B}.Release|x64.Build.0 = Release|x64
		{DB3DF3F7-0553-40F0-AA69-1BB684C9570B}.Release|x86.ActiveCfg = Release|Win32
		{DB3DF3F7-0553-40F0-AA69-1BB684C9570B}.Release|x86.Build.0 = Release|Win32
	EndGlobalSection
	GlobalSection(SolutionProperties) = preSolution
		HideSolutionNode = FALSE
	EndGlobalSection
	GlobalSection(ExtensibilityGlobals) = postSolution
		SolutionGuid = {10E9C5D4-A226-497A-B5DB-EA57E309E86E}
	EndGlobalSection
EndGlobal
