
Microsoft Visual Studio Solution File, Format Version 12.00
# Visual Studio 15
VisualStudioVersion = 15.0.27130.2024
MinimumVisualStudioVersion = 10.0.40219.1
Project("{8BC9CEB8-8B4A-11D0-8D11-00A0C91BC942}") = "Problem13", "Problem13\Problem13.vcxproj", "{CBD7396C-7EA3-46AF-AA02-C6D1DB85594F}"
EndProject
Global
	GlobalSection(SolutionConfigurationPlatforms) = preSolution
		Debug|x64 = Debug|x64
		Debug|x86 = Debug|x86
		Release|x64 = Release|x64
		Release|x86 = Release|x86
	EndGlobalSection
	GlobalSection(ProjectConfigurationPlatforms) = postSolution
		{CBD7396C-7EA3-46AF-AA02-C6D1DB85594F}.Debug|x64.ActiveCfg = Debug|x64
		{CBD7396C-7EA3-46AF-AA02-C6D1DB85594F}.Debug|x64.Build.0 = Debug|x64
		{CBD7396C-7EA3-46AF-AA02-C6D1DB85594F}.Debug|x86.ActiveCfg = Debug|Win32
		{CBD7396C-7EA3-46AF-AA02-C6D1DB85594F}.Debug|x86.Build.0 = Debug|Win32
		{CBD7396C-7EA3-46AF-AA02-C6D1DB85594F}.Release|x64.ActiveCfg = Release|x64
		{CBD7396C-7EA3-46AF-AA02-C6D1DB85594F}.Release|x64.Build.0 = Release|x64
		{CBD7396C-7EA3-46AF-AA02-C6D1DB85594F}.Release|x86.ActiveCfg = Release|Win32
		{CBD7396C-7EA3-46AF-AA02-C6D1DB85594F}.Release|x86.Build.0 = Release|Win32
	EndGlobalSection
	GlobalSection(SolutionProperties) = preSolution
		HideSolutionNode = FALSE
	EndGlobalSection
	GlobalSection(ExtensibilityGlobals) = postSolution
		SolutionGuid = {322A9B0C-C0EC-4EB7-9CA4-07C2B5A55578}
	EndGlobalSection
EndGlobal
