
Microsoft Visual Studio Solution File, Format Version 12.00
# Visual Studio 15
VisualStudioVersion = 15.0.27130.2024
MinimumVisualStudioVersion = 10.0.40219.1
Project("{8BC9CEB8-8B4A-11D0-8D11-00A0C91BC942}") = "Problem14", "Problem14\Problem14.vcxproj", "{4BCEF75C-5EFC-4D6E-ADFC-3140253EAF9F}"
EndProject
Global
	GlobalSection(SolutionConfigurationPlatforms) = preSolution
		Debug|x64 = Debug|x64
		Debug|x86 = Debug|x86
		Release|x64 = Release|x64
		Release|x86 = Release|x86
	EndGlobalSection
	GlobalSection(ProjectConfigurationPlatforms) = postSolution
		{4BCEF75C-5EFC-4D6E-ADFC-3140253EAF9F}.Debug|x64.ActiveCfg = Debug|x64
		{4BCEF75C-5EFC-4D6E-ADFC-3140253EAF9F}.Debug|x64.Build.0 = Debug|x64
		{4BCEF75C-5EFC-4D6E-ADFC-3140253EAF9F}.Debug|x86.ActiveCfg = Debug|Win32
		{4BCEF75C-5EFC-4D6E-ADFC-3140253EAF9F}.Debug|x86.Build.0 = Debug|Win32
		{4BCEF75C-5EFC-4D6E-ADFC-3140253EAF9F}.Release|x64.ActiveCfg = Release|x64
		{4BCEF75C-5EFC-4D6E-ADFC-3140253EAF9F}.Release|x64.Build.0 = Release|x64
		{4BCEF75C-5EFC-4D6E-ADFC-3140253EAF9F}.Release|x86.ActiveCfg = Release|Win32
		{4BCEF75C-5EFC-4D6E-ADFC-3140253EAF9F}.Release|x86.Build.0 = Release|Win32
	EndGlobalSection
	GlobalSection(SolutionProperties) = preSolution
		HideSolutionNode = FALSE
	EndGlobalSection
	GlobalSection(ExtensibilityGlobals) = postSolution
		SolutionGuid = {153AF5B6-B593-4372-A539-B53A6499AC3A}
	EndGlobalSection
EndGlobal
