
Microsoft Visual Studio Solution File, Format Version 12.00
# Visual Studio 15
VisualStudioVersion = 15.0.27130.2024
MinimumVisualStudioVersion = 10.0.40219.1
Project("{8BC9CEB8-8B4A-11D0-8D11-00A0C91BC942}") = "Problem04", "Problem04\Problem04.vcxproj", "{EB3635AB-C09F-4589-9B35-778D1CFB87E6}"
EndProject
Global
	GlobalSection(SolutionConfigurationPlatforms) = preSolution
		Debug|x64 = Debug|x64
		Debug|x86 = Debug|x86
		Release|x64 = Release|x64
		Release|x86 = Release|x86
	EndGlobalSection
	GlobalSection(ProjectConfigurationPlatforms) = postSolution
		{EB3635AB-C09F-4589-9B35-778D1CFB87E6}.Debug|x64.ActiveCfg = Debug|x64
		{EB3635AB-C09F-4589-9B35-778D1CFB87E6}.Debug|x64.Build.0 = Debug|x64
		{EB3635AB-C09F-4589-9B35-778D1CFB87E6}.Debug|x86.ActiveCfg = Debug|Win32
		{EB3635AB-C09F-4589-9B35-778D1CFB87E6}.Debug|x86.Build.0 = Debug|Win32
		{EB3635AB-C09F-4589-9B35-778D1CFB87E6}.Release|x64.ActiveCfg = Release|x64
		{EB3635AB-C09F-4589-9B35-778D1CFB87E6}.Release|x64.Build.0 = Release|x64
		{EB3635AB-C09F-4589-9B35-778D1CFB87E6}.Release|x86.ActiveCfg = Release|Win32
		{EB3635AB-C09F-4589-9B35-778D1CFB87E6}.Release|x86.Build.0 = Release|Win32
	EndGlobalSection
	GlobalSection(SolutionProperties) = preSolution
		HideSolutionNode = FALSE
	EndGlobalSection
	GlobalSection(ExtensibilityGlobals) = postSolution
		SolutionGuid = {68FF9B76-FF2D-4D62-9F48-E12D92D9CAD7}
	EndGlobalSection
EndGlobal
