
Microsoft Visual Studio Solution File, Format Version 12.00
# Visual Studio 15
VisualStudioVersion = 15.0.27130.2024
MinimumVisualStudioVersion = 10.0.40219.1
Project("{8BC9CEB8-8B4A-11D0-8D11-00A0C91BC942}") = "Problem09", "Problem09\Problem09.vcxproj", "{CDD4B13F-0A9F-425E-80F0-04EE83FC2BA2}"
EndProject
Global
	GlobalSection(SolutionConfigurationPlatforms) = preSolution
		Debug|x64 = Debug|x64
		Debug|x86 = Debug|x86
		Release|x64 = Release|x64
		Release|x86 = Release|x86
	EndGlobalSection
	GlobalSection(ProjectConfigurationPlatforms) = postSolution
		{CDD4B13F-0A9F-425E-80F0-04EE83FC2BA2}.Debug|x64.ActiveCfg = Debug|x64
		{CDD4B13F-0A9F-425E-80F0-04EE83FC2BA2}.Debug|x64.Build.0 = Debug|x64
		{CDD4B13F-0A9F-425E-80F0-04EE83FC2BA2}.Debug|x86.ActiveCfg = Debug|Win32
		{CDD4B13F-0A9F-425E-80F0-04EE83FC2BA2}.Debug|x86.Build.0 = Debug|Win32
		{CDD4B13F-0A9F-425E-80F0-04EE83FC2BA2}.Release|x64.ActiveCfg = Release|x64
		{CDD4B13F-0A9F-425E-80F0-04EE83FC2BA2}.Release|x64.Build.0 = Release|x64
		{CDD4B13F-0A9F-425E-80F0-04EE83FC2BA2}.Release|x86.ActiveCfg = Release|Win32
		{CDD4B13F-0A9F-425E-80F0-04EE83FC2BA2}.Release|x86.Build.0 = Release|Win32
	EndGlobalSection
	GlobalSection(SolutionProperties) = preSolution
		HideSolutionNode = FALSE
	EndGlobalSection
	GlobalSection(ExtensibilityGlobals) = postSolution
		SolutionGuid = {8A4395F9-1992-43FA-B8AE-2B6DF83A5464}
	EndGlobalSection
EndGlobal
