
Microsoft Visual Studio Solution File, Format Version 12.00
# Visual Studio 15
VisualStudioVersion = 15.0.27130.2024
MinimumVisualStudioVersion = 10.0.40219.1
Project("{8BC9CEB8-8B4A-11D0-8D11-00A0C91BC942}") = "Problem05", "Problem05\Problem05.vcxproj", "{1A1E70CD-6FCC-445A-852E-7E888ACC0C3C}"
EndProject
Global
	GlobalSection(SolutionConfigurationPlatforms) = preSolution
		Debug|x64 = Debug|x64
		Debug|x86 = Debug|x86
		Release|x64 = Release|x64
		Release|x86 = Release|x86
	EndGlobalSection
	GlobalSection(ProjectConfigurationPlatforms) = postSolution
		{1A1E70CD-6FCC-445A-852E-7E888ACC0C3C}.Debug|x64.ActiveCfg = Debug|x64
		{1A1E70CD-6FCC-445A-852E-7E888ACC0C3C}.Debug|x64.Build.0 = Debug|x64
		{1A1E70CD-6FCC-445A-852E-7E888ACC0C3C}.Debug|x86.ActiveCfg = Debug|Win32
		{1A1E70CD-6FCC-445A-852E-7E888ACC0C3C}.Debug|x86.Build.0 = Debug|Win32
		{1A1E70CD-6FCC-445A-852E-7E888ACC0C3C}.Release|x64.ActiveCfg = Release|x64
		{1A1E70CD-6FCC-445A-852E-7E888ACC0C3C}.Release|x64.Build.0 = Release|x64
		{1A1E70CD-6FCC-445A-852E-7E888ACC0C3C}.Release|x86.ActiveCfg = Release|Win32
		{1A1E70CD-6FCC-445A-852E-7E888ACC0C3C}.Release|x86.Build.0 = Release|Win32
	EndGlobalSection
	GlobalSection(SolutionProperties) = preSolution
		HideSolutionNode = FALSE
	EndGlobalSection
	GlobalSection(ExtensibilityGlobals) = postSolution
		SolutionGuid = {AF71AFEF-0BFB-42B1-99D0-2E6AB107495E}
	EndGlobalSection
EndGlobal
